// !$*UTF8*$!
{
	archiveVersion = 1;
	classes = {
	};
	objectVersion = 46;
	objects = {

/* Begin PBXBuildFile section */
		075ECAB019090F5B005697D3 /* Foundation.framework in Frameworks */ = {isa = PBXBuildFile; fileRef = 075ECAAF19090F5B005697D3 /* Foundation.framework */; };
		075ECAB219090F5B005697D3 /* CoreGraphics.framework in Frameworks */ = {isa = PBXBuildFile; fileRef = 075ECAB119090F5B005697D3 /* CoreGraphics.framework */; };
		075ECAB419090F5B005697D3 /* UIKit.framework in Frameworks */ = {isa = PBXBuildFile; fileRef = 075ECAB319090F5B005697D3 /* UIKit.framework */; };
		075ECABA19090F5B005697D3 /* InfoPlist.strings in Resources */ = {isa = PBXBuildFile; fileRef = 075ECAB819090F5B005697D3 /* InfoPlist.strings */; };
		075ECABC19090F5B005697D3 /* main.m in Sources */ = {isa = PBXBuildFile; fileRef = 075ECABB19090F5B005697D3 /* main.m */; };
		075ECAC019090F5B005697D3 /* AppDelegate.m in Sources */ = {isa = PBXBuildFile; fileRef = 075ECABF19090F5B005697D3 /* AppDelegate.m */; };
		075ECAC319090F5B005697D3 /* Main.storyboard in Resources */ = {isa = PBXBuildFile; fileRef = 075ECAC119090F5B005697D3 /* Main.storyboard */; };
		075ECAC619090F5B005697D3 /* ViewController.m in Sources */ = {isa = PBXBuildFile; fileRef = 075ECAC519090F5B005697D3 /* ViewController.m */; };
		075ECAC819090F5B005697D3 /* Images.xcassets in Resources */ = {isa = PBXBuildFile; fileRef = 075ECAC719090F5B005697D3 /* Images.xcassets */; };
		075ECACF19090F5B005697D3 /* XCTest.framework in Frameworks */ = {isa = PBXBuildFile; fileRef = 075ECACE19090F5B005697D3 /* XCTest.framework */; };
		075ECAD019090F5B005697D3 /* Foundation.framework in Frameworks */ = {isa = PBXBuildFile; fileRef = 075ECAAF19090F5B005697D3 /* Foundation.framework */; };
		075ECAD119090F5B005697D3 /* UIKit.framework in Frameworks */ = {isa = PBXBuildFile; fileRef = 075ECAB319090F5B005697D3 /* UIKit.framework */; };
		075ECAD919090F5B005697D3 /* InfoPlist.strings in Resources */ = {isa = PBXBuildFile; fileRef = 075ECAD719090F5B005697D3 /* InfoPlist.strings */; };
		075ECADB19090F5B005697D3 /* MultipleEnvironmentsTests.m in Sources */ = {isa = PBXBuildFile; fileRef = 075ECADA19090F5B005697D3 /* MultipleEnvironmentsTests.m */; };
/* End PBXBuildFile section */

/* Begin PBXContainerItemProxy section */
		075ECAD219090F5B005697D3 /* PBXContainerItemProxy */ = {
			isa = PBXContainerItemProxy;
			containerPortal = 075ECAA419090F5B005697D3 /* Project object */;
			proxyType = 1;
			remoteGlobalIDString = 075ECAAB19090F5B005697D3;
			remoteInfo = MultipleEnvironments;
		};
/* End PBXContainerItemProxy section */

/* Begin PBXFileReference section */
		075ECAAC19090F5B005697D3 /* MultipleEnvironments.app */ = {isa = PBXFileReference; explicitFileType = wrapper.application; includeInIndex = 0; path = MultipleEnvironments.app; sourceTree = BUILT_PRODUCTS_DIR; };
		075ECAAF19090F5B005697D3 /* Foundation.framework */ = {isa = PBXFileReference; lastKnownFileType = wrapper.framework; name = Foundation.framework; path = System/Library/Frameworks/Foundation.framework; sourceTree = SDKROOT; };
		075ECAB119090F5B005697D3 /* CoreGraphics.framework */ = {isa = PBXFileReference; lastKnownFileType = wrapper.framework; name = CoreGraphics.framework; path = System/Library/Frameworks/CoreGraphics.framework; sourceTree = SDKROOT; };
		075ECAB319090F5B005697D3 /* UIKit.framework */ = {isa = PBXFileReference; lastKnownFileType = wrapper.framework; name = UIKit.framework; path = System/Library/Frameworks/UIKit.framework; sourceTree = SDKROOT; };
		075ECAB719090F5B005697D3 /* MultipleEnvironments-Info.plist */ = {isa = PBXFileReference; lastKnownFileType = text.plist.xml; path = "MultipleEnvironments-Info.plist"; sourceTree = "<group>"; };
		075ECAB919090F5B005697D3 /* en */ = {isa = PBXFileReference; lastKnownFileType = text.plist.strings; name = en; path = en.lproj/InfoPlist.strings; sourceTree = "<group>"; };
		075ECABB19090F5B005697D3 /* main.m */ = {isa = PBXFileReference; lastKnownFileType = sourcecode.c.objc; path = main.m; sourceTree = "<group>"; };
		075ECABD19090F5B005697D3 /* MultipleEnvironments-Prefix.pch */ = {isa = PBXFileReference; lastKnownFileType = sourcecode.c.h; path = "MultipleEnvironments-Prefix.pch"; sourceTree = "<group>"; };
		075ECABE19090F5B005697D3 /* AppDelegate.h */ = {isa = PBXFileReference; lastKnownFileType = sourcecode.c.h; path = AppDelegate.h; sourceTree = "<group>"; };
		075ECABF19090F5B005697D3 /* AppDelegate.m */ = {isa = PBXFileReference; lastKnownFileType = sourcecode.c.objc; path = AppDelegate.m; sourceTree = "<group>"; };
		075ECAC219090F5B005697D3 /* Base */ = {isa = PBXFileReference; lastKnownFileType = file.storyboard; name = Base; path = Base.lproj/Main.storyboard; sourceTree = "<group>"; };
		075ECAC419090F5B005697D3 /* ViewController.h */ = {isa = PBXFileReference; lastKnownFileType = sourcecode.c.h; path = ViewController.h; sourceTree = "<group>"; };
		075ECAC519090F5B005697D3 /* ViewController.m */ = {isa = PBXFileReference; lastKnownFileType = sourcecode.c.objc; path = ViewController.m; sourceTree = "<group>"; };
		075ECAC719090F5B005697D3 /* Images.xcassets */ = {isa = PBXFileReference; lastKnownFileType = folder.assetcatalog; path = Images.xcassets; sourceTree = "<group>"; };
		075ECACD19090F5B005697D3 /* MultipleEnvironmentsTests.xctest */ = {isa = PBXFileReference; explicitFileType = wrapper.cfbundle; includeInIndex = 0; path = MultipleEnvironmentsTests.xctest; sourceTree = BUILT_PRODUCTS_DIR; };
		075ECACE19090F5B005697D3 /* XCTest.framework */ = {isa = PBXFileReference; lastKnownFileType = wrapper.framework; name = XCTest.framework; path = Library/Frameworks/XCTest.framework; sourceTree = DEVELOPER_DIR; };
		075ECAD619090F5B005697D3 /* MultipleEnvironmentsTests-Info.plist */ = {isa = PBXFileReference; lastKnownFileType = text.plist.xml; path = "MultipleEnvironmentsTests-Info.plist"; sourceTree = "<group>"; };
		075ECAD819090F5B005697D3 /* en */ = {isa = PBXFileReference; lastKnownFileType = text.plist.strings; name = en; path = en.lproj/InfoPlist.strings; sourceTree = "<group>"; };
		075ECADA19090F5B005697D3 /* MultipleEnvironmentsTests.m */ = {isa = PBXFileReference; lastKnownFileType = sourcecode.c.objc; path = MultipleEnvironmentsTests.m; sourceTree = "<group>"; };
/* End PBXFileReference section */

/* Begin PBXFrameworksBuildPhase section */
		075ECAA919090F5B005697D3 /* Frameworks */ = {
			isa = PBXFrameworksBuildPhase;
			buildActionMask = 2147483647;
			files = (
				075ECAB219090F5B005697D3 /* CoreGraphics.framework in Frameworks */,
				075ECAB419090F5B005697D3 /* UIKit.framework in Frameworks */,
				075ECAB019090F5B005697D3 /* Foundation.framework in Frameworks */,
			);
			runOnlyForDeploymentPostprocessing = 0;
		};
		075ECACA19090F5B005697D3 /* Frameworks */ = {
			isa = PBXFrameworksBuildPhase;
			buildActionMask = 2147483647;
			files = (
				075ECACF19090F5B005697D3 /* XCTest.framework in Frameworks */,
				075ECAD119090F5B005697D3 /* UIKit.framework in Frameworks */,
				075ECAD019090F5B005697D3 /* Foundation.framework in Frameworks */,
			);
			runOnlyForDeploymentPostprocessing = 0;
		};
/* End PBXFrameworksBuildPhase section */

/* Begin PBXGroup section */
		075ECAA319090F5B005697D3 = {
			isa = PBXGroup;
			children = (
				075ECAB519090F5B005697D3 /* MultipleEnvironments */,
				075ECAD419090F5B005697D3 /* MultipleEnvironmentsTests */,
				075ECAAE19090F5B005697D3 /* Frameworks */,
				075ECAAD19090F5B005697D3 /* Products */,
			);
			sourceTree = "<group>";
		};
		075ECAAD19090F5B005697D3 /* Products */ = {
			isa = PBXGroup;
			children = (
				075ECAAC19090F5B005697D3 /* MultipleEnvironments.app */,
				075ECACD19090F5B005697D3 /* MultipleEnvironmentsTests.xctest */,
			);
			name = Products;
			sourceTree = "<group>";
		};
		075ECAAE19090F5B005697D3 /* Frameworks */ = {
			isa = PBXGroup;
			children = (
				075ECAAF19090F5B005697D3 /* Foundation.framework */,
				075ECAB119090F5B005697D3 /* CoreGraphics.framework */,
				075ECAB319090F5B005697D3 /* UIKit.framework */,
				075ECACE19090F5B005697D3 /* XCTest.framework */,
			);
			name = Frameworks;
			sourceTree = "<group>";
		};
		075ECAB519090F5B005697D3 /* MultipleEnvironments */ = {
			isa = PBXGroup;
			children = (
				075ECABE19090F5B005697D3 /* AppDelegate.h */,
				075ECABF19090F5B005697D3 /* AppDelegate.m */,
				075ECAC119090F5B005697D3 /* Main.storyboard */,
				075ECAC419090F5B005697D3 /* ViewController.h */,
				075ECAC519090F5B005697D3 /* ViewController.m */,
				075ECAC719090F5B005697D3 /* Images.xcassets */,
				075ECAB619090F5B005697D3 /* Supporting Files */,
			);
			path = MultipleEnvironments;
			sourceTree = "<group>";
		};
		075ECAB619090F5B005697D3 /* Supporting Files */ = {
			isa = PBXGroup;
			children = (
				075ECAB719090F5B005697D3 /* MultipleEnvironments-Info.plist */,
				075ECAB819090F5B005697D3 /* InfoPlist.strings */,
				075ECABB19090F5B005697D3 /* main.m */,
				075ECABD19090F5B005697D3 /* MultipleEnvironments-Prefix.pch */,
			);
			name = "Supporting Files";
			sourceTree = "<group>";
		};
		075ECAD419090F5B005697D3 /* MultipleEnvironmentsTests */ = {
			isa = PBXGroup;
			children = (
				075ECADA19090F5B005697D3 /* MultipleEnvironmentsTests.m */,
				075ECAD519090F5B005697D3 /* Supporting Files */,
			);
			path = MultipleEnvironmentsTests;
			sourceTree = "<group>";
		};
		075ECAD519090F5B005697D3 /* Supporting Files */ = {
			isa = PBXGroup;
			children = (
				075ECAD619090F5B005697D3 /* MultipleEnvironmentsTests-Info.plist */,
				075ECAD719090F5B005697D3 /* InfoPlist.strings */,
			);
			name = "Supporting Files";
			sourceTree = "<group>";
		};
/* End PBXGroup section */

/* Begin PBXNativeTarget section */
		075ECAAB19090F5B005697D3 /* MultipleEnvironments */ = {
			isa = PBXNativeTarget;
			buildConfigurationList = 075ECADE19090F5B005697D3 /* Build configuration list for PBXNativeTarget "MultipleEnvironments" */;
			buildPhases = (
				075ECAA819090F5B005697D3 /* Sources */,
				075ECAA919090F5B005697D3 /* Frameworks */,
				075ECAAA19090F5B005697D3 /* Resources */,
			);
			buildRules = (
			);
			dependencies = (
			);
			name = MultipleEnvironments;
			productName = MultipleEnvironments;
			productReference = 075ECAAC19090F5B005697D3 /* MultipleEnvironments.app */;
			productType = "com.apple.product-type.application";
		};
		075ECACC19090F5B005697D3 /* MultipleEnvironmentsTests */ = {
			isa = PBXNativeTarget;
			buildConfigurationList = 075ECAE119090F5B005697D3 /* Build configuration list for PBXNativeTarget "MultipleEnvironmentsTests" */;
			buildPhases = (
				075ECAC919090F5B005697D3 /* Sources */,
				075ECACA19090F5B005697D3 /* Frameworks */,
				075ECACB19090F5B005697D3 /* Resources */,
			);
			buildRules = (
			);
			dependencies = (
				075ECAD319090F5B005697D3 /* PBXTargetDependency */,
			);
			name = MultipleEnvironmentsTests;
			productName = MultipleEnvironmentsTests;
			productReference = 075ECACD19090F5B005697D3 /* MultipleEnvironmentsTests.xctest */;
			productType = "com.apple.product-type.bundle.unit-test";
		};
/* End PBXNativeTarget section */

/* Begin PBXProject section */
		075ECAA419090F5B005697D3 /* Project object */ = {
			isa = PBXProject;
			attributes = {
				LastUpgradeCheck = 0510;
				ORGANIZATIONNAME = "Pablo Rueda";
				TargetAttributes = {
					075ECACC19090F5B005697D3 = {
						TestTargetID = 075ECAAB19090F5B005697D3;
					};
				};
			};
			buildConfigurationList = 075ECAA719090F5B005697D3 /* Build configuration list for PBXProject "MultipleEnvironments" */;
			compatibilityVersion = "Xcode 3.2";
			developmentRegion = English;
			hasScannedForEncodings = 0;
			knownRegions = (
				en,
				Base,
			);
			mainGroup = 075ECAA319090F5B005697D3;
			productRefGroup = 075ECAAD19090F5B005697D3 /* Products */;
			projectDirPath = "";
			projectRoot = "";
			targets = (
				075ECAAB19090F5B005697D3 /* MultipleEnvironments */,
				075ECACC19090F5B005697D3 /* MultipleEnvironmentsTests */,
			);
		};
/* End PBXProject section */

/* Begin PBXResourcesBuildPhase section */
		075ECAAA19090F5B005697D3 /* Resources */ = {
			isa = PBXResourcesBuildPhase;
			buildActionMask = 2147483647;
			files = (
				075ECAC819090F5B005697D3 /* Images.xcassets in Resources */,
				075ECABA19090F5B005697D3 /* InfoPlist.strings in Resources */,
				075ECAC319090F5B005697D3 /* Main.storyboard in Resources */,
			);
			runOnlyForDeploymentPostprocessing = 0;
		};
		075ECACB19090F5B005697D3 /* Resources */ = {
			isa = PBXResourcesBuildPhase;
			buildActionMask = 2147483647;
			files = (
				075ECAD919090F5B005697D3 /* InfoPlist.strings in Resources */,
			);
			runOnlyForDeploymentPostprocessing = 0;
		};
/* End PBXResourcesBuildPhase section */

/* Begin PBXSourcesBuildPhase section */
		075ECAA819090F5B005697D3 /* Sources */ = {
			isa = PBXSourcesBuildPhase;
			buildActionMask = 2147483647;
			files = (
				075ECAC619090F5B005697D3 /* ViewController.m in Sources */,
				075ECAC019090F5B005697D3 /* AppDelegate.m in Sources */,
				075ECABC19090F5B005697D3 /* main.m in Sources */,
			);
			runOnlyForDeploymentPostprocessing = 0;
		};
		075ECAC919090F5B005697D3 /* Sources */ = {
			isa = PBXSourcesBuildPhase;
			buildActionMask = 2147483647;
			files = (
				075ECADB19090F5B005697D3 /* MultipleEnvironmentsTests.m in Sources */,
			);
			runOnlyForDeploymentPostprocessing = 0;
		};
/* End PBXSourcesBuildPhase section */

/* Begin PBXTargetDependency section */
		075ECAD319090F5B005697D3 /* PBXTargetDependency */ = {
			isa = PBXTargetDependency;
			target = 075ECAAB19090F5B005697D3 /* MultipleEnvironments */;
			targetProxy = 075ECAD219090F5B005697D3 /* PBXContainerItemProxy */;
		};
/* End PBXTargetDependency section */

/* Begin PBXVariantGroup section */
		075ECAB819090F5B005697D3 /* InfoPlist.strings */ = {
			isa = PBXVariantGroup;
			children = (
				075ECAB919090F5B005697D3 /* en */,
			);
			name = InfoPlist.strings;
			sourceTree = "<group>";
		};
		075ECAC119090F5B005697D3 /* Main.storyboard */ = {
			isa = PBXVariantGroup;
			children = (
				075ECAC219090F5B005697D3 /* Base */,
			);
			name = Main.storyboard;
			sourceTree = "<group>";
		};
		075ECAD719090F5B005697D3 /* InfoPlist.strings */ = {
			isa = PBXVariantGroup;
			children = (
				075ECAD819090F5B005697D3 /* en */,
			);
			name = InfoPlist.strings;
			sourceTree = "<group>";
		};
/* End PBXVariantGroup section */

/* Begin XCBuildConfiguration section */
		075ECADC19090F5B005697D3 /* Debug */ = {
			isa = XCBuildConfiguration;
			buildSettings = {
				ALWAYS_SEARCH_USER_PATHS = NO;
				CLANG_CXX_LANGUAGE_STANDARD = "gnu++0x";
				CLANG_CXX_LIBRARY = "libc++";
				CLANG_ENABLE_MODULES = YES;
				CLANG_ENABLE_OBJC_ARC = YES;
				CLANG_WARN_BOOL_CONVERSION = YES;
				CLANG_WARN_CONSTANT_CONVERSION = YES;
				CLANG_WARN_DIRECT_OBJC_ISA_USAGE = YES_ERROR;
				CLANG_WARN_EMPTY_BODY = YES;
				CLANG_WARN_ENUM_CONVERSION = YES;
				CLANG_WARN_INT_CONVERSION = YES;
				CLANG_WARN_OBJC_ROOT_CLASS = YES_ERROR;
				CLANG_WARN__DUPLICATE_METHOD_MATCH = YES;
				"CODE_SIGN_IDENTITY[sdk=iphoneos*]" = "iPhone Developer";
				COPY_PHASE_STRIP = NO;
				GCC_C_LANGUAGE_STANDARD = gnu99;
				GCC_DYNAMIC_NO_PIC = NO;
				GCC_OPTIMIZATION_LEVEL = 0;
				GCC_PREPROCESSOR_DEFINITIONS = (
					"DEBUG=1",
					"$(inherited)",
				);
				GCC_SYMBOLS_PRIVATE_EXTERN = NO;
				GCC_WARN_64_TO_32_BIT_CONVERSION = YES;
				GCC_WARN_ABOUT_RETURN_TYPE = YES_ERROR;
				GCC_WARN_UNDECLARED_SELECTOR = YES;
				GCC_WARN_UNINITIALIZED_AUTOS = YES_AGGRESSIVE;
				GCC_WARN_UNUSED_FUNCTION = YES;
				GCC_WARN_UNUSED_VARIABLE = YES;
				IPHONEOS_DEPLOYMENT_TARGET = 7.1;
				ONLY_ACTIVE_ARCH = YES;
				SDKROOT = iphoneos;
			};
			name = Debug;
		};
		075ECADD19090F5B005697D3 /* Release */ = {
			isa = XCBuildConfiguration;
			buildSettings = {
				ALWAYS_SEARCH_USER_PATHS = NO;
				CLANG_CXX_LANGUAGE_STANDARD = "gnu++0x";
				CLANG_CXX_LIBRARY = "libc++";
				CLANG_ENABLE_MODULES = YES;
				CLANG_ENABLE_OBJC_ARC = YES;
				CLANG_WARN_BOOL_CONVERSION = YES;
				CLANG_WARN_CONSTANT_CONVERSION = YES;
				CLANG_WARN_DIRECT_OBJC_ISA_USAGE = YES_ERROR;
				CLANG_WARN_EMPTY_BODY = YES;
				CLANG_WARN_ENUM_CONVERSION = YES;
				CLANG_WARN_INT_CONVERSION = YES;
				CLANG_WARN_OBJC_ROOT_CLASS = YES_ERROR;
				CLANG_WARN__DUPLICATE_METHOD_MATCH = YES;
				"CODE_SIGN_IDENTITY[sdk=iphoneos*]" = "iPhone Developer";
				COPY_PHASE_STRIP = YES;
				ENABLE_NS_ASSERTIONS = NO;
				GCC_C_LANGUAGE_STANDARD = gnu99;
				GCC_WARN_64_TO_32_BIT_CONVERSION = YES;
				GCC_WARN_ABOUT_RETURN_TYPE = YES_ERROR;
				GCC_WARN_UNDECLARED_SELECTOR = YES;
				GCC_WARN_UNINITIALIZED_AUTOS = YES_AGGRESSIVE;
				GCC_WARN_UNUSED_FUNCTION = YES;
				GCC_WARN_UNUSED_VARIABLE = YES;
				IPHONEOS_DEPLOYMENT_TARGET = 7.1;
				SDKROOT = iphoneos;
				VALIDATE_PRODUCT = YES;
			};
			name = Release;
		};
		075ECADF19090F5B005697D3 /* Debug */ = {
			isa = XCBuildConfiguration;
			buildSettings = {
				ASSETCATALOG_COMPILER_APPICON_NAME = AppIcon;
				ASSETCATALOG_COMPILER_LAUNCHIMAGE_NAME = LaunchImage;
				GCC_PRECOMPILE_PREFIX_HEADER = YES;
				GCC_PREFIX_HEADER = "MultipleEnvironments/MultipleEnvironments-Prefix.pch";
				INFOPLIST_FILE = "MultipleEnvironments/MultipleEnvironments-Info.plist";
				PRODUCT_NAME = "$(TARGET_NAME)";
				WRAPPER_EXTENSION = app;
			};
			name = Debug;
		};
		075ECAE019090F5B005697D3 /* Release */ = {
			isa = XCBuildConfiguration;
			buildSettings = {
				ASSETCATALOG_COMPILER_APPICON_NAME = AppIcon;
				ASSETCATALOG_COMPILER_LAUNCHIMAGE_NAME = LaunchImage;
				GCC_PRECOMPILE_PREFIX_HEADER = YES;
				GCC_PREFIX_HEADER = "MultipleEnvironments/MultipleEnvironments-Prefix.pch";
				INFOPLIST_FILE = "MultipleEnvironments/MultipleEnvironments-Info.plist";
				PRODUCT_NAME = "$(TARGET_NAME)";
				WRAPPER_EXTENSION = app;
			};
			name = Release;
		};
		075ECAE219090F5B005697D3 /* Debug */ = {
			isa = XCBuildConfiguration;
			buildSettings = {
				BUNDLE_LOADER = "$(BUILT_PRODUCTS_DIR)/MultipleEnvironments.app/MultipleEnvironments";
				FRAMEWORK_SEARCH_PATHS = (
					"$(SDKROOT)/Developer/Library/Frameworks",
					"$(inherited)",
					"$(DEVELOPER_FRAMEWORKS_DIR)",
				);
				GCC_PRECOMPILE_PREFIX_HEADER = YES;
				GCC_PREFIX_HEADER = "MultipleEnvironments/MultipleEnvironments-Prefix.pch";
				GCC_PREPROCESSOR_DEFINITIONS = (
					"DEBUG=1",
					"$(inherited)",
				);
				INFOPLIST_FILE = "MultipleEnvironmentsTests/MultipleEnvironmentsTests-Info.plist";
				PRODUCT_NAME = "$(TARGET_NAME)";
				TEST_HOST = "$(BUNDLE_LOADER)";
				WRAPPER_EXTENSION = xctest;
			};
			name = Debug;
		};
		075ECAE319090F5B005697D3 /* Release */ = {
			isa = XCBuildConfiguration;
			buildSettings = {
				BUNDLE_LOADER = "$(BUILT_PRODUCTS_DIR)/MultipleEnvironments.app/MultipleEnvironments";
				FRAMEWORK_SEARCH_PATHS = (
					"$(SDKROOT)/Developer/Library/Frameworks",
					"$(inherited)",
					"$(DEVELOPER_FRAMEWORKS_DIR)",
				);
				GCC_PRECOMPILE_PREFIX_HEADER = YES;
				GCC_PREFIX_HEADER = "MultipleEnvironments/MultipleEnvironments-Prefix.pch";
				INFOPLIST_FILE = "MultipleEnvironmentsTests/MultipleEnvironmentsTests-Info.plist";
				PRODUCT_NAME = "$(TARGET_NAME)";
				TEST_HOST = "$(BUNDLE_LOADER)";
				WRAPPER_EXTENSION = xctest;
			};
			name = Release;
		};
/* End XCBuildConfiguration section */

/* Begin XCConfigurationList section */
		075ECAA719090F5B005697D3 /* Build configuration list for PBXProject "MultipleEnvironments" */ = {
			isa = XCConfigurationList;
			buildConfigurations = (
				075ECADC19090F5B005697D3 /* Debug */,
				075ECADD19090F5B005697D3 /* Release */,
			);
			defaultConfigurationIsVisible = 0;
			defaultConfigurationName = Release;
		};
		075ECADE19090F5B005697D3 /* Build configuration list for PBXNativeTarget "MultipleEnvironments" */ = {
			isa = XCConfigurationList;
			buildConfigurations = (
				075ECADF19090F5B005697D3 /* Debug */,
				075ECAE019090F5B005697D3 /* Release */,
			);
			defaultConfigurationIsVisible = 0;
		};
		075ECAE119090F5B005697D3 /* Build configuration list for PBXNativeTarget "MultipleEnvironmentsTests" */ = {
			isa = XCConfigurationList;
			buildConfigurations = (
				075ECAE219090F5B005697D3 /* Debug */,
				075ECAE319090F5B005697D3 /* Release */,
			);
			defaultConfigurationIsVisible = 0;
		};
/* End XCConfigurationList section */
	};
	rootObject = 075ECAA419090F5B005697D3 /* Project object */;
}
